
Microsoft Visual Studio Solution File, Format Version 12.00
# Visual Studio 14
VisualStudioVersion = 14.0.25420.1
MinimumVisualStudioVersion = 10.0.40219.1
Project("{2150E333-8FDC-42A3-9474-1A3956D46DE8}") = "ICanSeeYou", "ICanSeeYou", "{9DA2AE00-1C22-47A1-82BA-7CEE9914DF85}"
EndProject
Project("{2150E333-8FDC-42A3-9474-1A3956D46DE8}") = "Controler", "Controler", "{AA08E7DA-61AA-4FC6-8025-101F4C07F925}"
EndProject
Project("{2150E333-8FDC-42A3-9474-1A3956D46DE8}") = "Server", "Server", "{37082303-C506-4692-8FE1-945460DCF8C0}"
EndProject
Project("{2150E333-8FDC-42A3-9474-1A3956D46DE8}") = "测试项目", "测试项目", "{5D07ED83-D9A9-4D67-A4CE-D79274B72203}"
EndProject
Project("{2150E333-8FDC-42A3-9474-1A3956D46DE8}") = "Main", "Main", "{8D481F32-1E85-4BCE-94B0-3CD547187162}"
EndProject
Project("{FAE04EC0-301F-11D3-BF4B-00C04F79EFBC}") = "Common", "ICanSeeYou\Common\Common.csproj", "{025628C8-0FBD-4B13-BEC4-38CB800CB670}"
EndProject
Project("{FAE04EC0-301F-11D3-BF4B-00C04F79EFBC}") = "Clients", "Clients\Clients.csproj", "{B0AC1CCD-C1FC-477C-B1A1-C62F36C7F4BA}"
	ProjectSection(ProjectDependencies) = postProject
		{587F35FC-5831-474C-AF8E-0EEFD9EEC5EE} = {587F35FC-5831-474C-AF8E-0EEFD9EEC5EE}
		{025628C8-0FBD-4B13-BEC4-38CB800CB670} = {025628C8-0FBD-4B13-BEC4-38CB800CB670}
	EndProjectSection
EndProject
Project("{FAE04EC0-301F-11D3-BF4B-00C04F79EFBC}") = "Client", "Client\Client.csproj", "{587F35FC-5831-474C-AF8E-0EEFD9EEC5EE}"
	ProjectSection(ProjectDependencies) = postProject
		{025628C8-0FBD-4B13-BEC4-38CB800CB670} = {025628C8-0FBD-4B13-BEC4-38CB800CB670}
	EndProjectSection
EndProject
Project("{FAE04EC0-301F-11D3-BF4B-00C04F79EFBC}") = "Server", "Server\Server.csproj", "{2E5701F0-279D-48A1-8426-14BB28D42D1A}"
	ProjectSection(ProjectDependencies) = postProject
		{025628C8-0FBD-4B13-BEC4-38CB800CB670} = {025628C8-0FBD-4B13-BEC4-38CB800CB670}
	EndProjectSection
EndProject
Project("{FAE04EC0-301F-11D3-BF4B-00C04F79EFBC}") = "Servers", "Servers\Servers.csproj", "{DD9EA039-127C-447D-AF21-318DDAC7BC90}"
	ProjectSection(ProjectDependencies) = postProject
		{025628C8-0FBD-4B13-BEC4-38CB800CB670} = {025628C8-0FBD-4B13-BEC4-38CB800CB670}
		{2E5701F0-279D-48A1-8426-14BB28D42D1A} = {2E5701F0-279D-48A1-8426-14BB28D42D1A}
		{336D3485-5DEF-4AF6-A598-AD77C4A98A5C} = {336D3485-5DEF-4AF6-A598-AD77C4A98A5C}
	EndProjectSection
EndProject
Project("{FAE04EC0-301F-11D3-BF4B-00C04F79EFBC}") = "INCUclient", "INCUclient\INCUclient.csproj", "{8B453510-FAC6-4CEE-AF2D-2B6F975CA5A1}"
	ProjectSection(ProjectDependencies) = postProject
		{025628C8-0FBD-4B13-BEC4-38CB800CB670} = {025628C8-0FBD-4B13-BEC4-38CB800CB670}
		{B0AC1CCD-C1FC-477C-B1A1-C62F36C7F4BA} = {B0AC1CCD-C1FC-477C-B1A1-C62F36C7F4BA}
		{587F35FC-5831-474C-AF8E-0EEFD9EEC5EE} = {587F35FC-5831-474C-AF8E-0EEFD9EEC5EE}
	EndProjectSection
EndProject
Project("{FAE04EC0-301F-11D3-BF4B-00C04F79EFBC}") = "INCUserver", "INCUserver\INCUserver.csproj", "{9575B080-1230-497F-9120-04D0C1448FF1}"
	ProjectSection(ProjectDependencies) = postProject
		{025628C8-0FBD-4B13-BEC4-38CB800CB670} = {025628C8-0FBD-4B13-BEC4-38CB800CB670}
		{DD9EA039-127C-447D-AF21-318DDAC7BC90} = {DD9EA039-127C-447D-AF21-318DDAC7BC90}
	EndProjectSection
EndProject
Project("{FAE04EC0-301F-11D3-BF4B-00C04F79EFBC}") = "OptionFileCreator", "OptionFileCreator\OptionFileCreator.csproj", "{5215CFD5-9715-4C9A-9DC7-234FD5B7D5D8}"
	ProjectSection(ProjectDependencies) = postProject
		{025628C8-0FBD-4B13-BEC4-38CB800CB670} = {025628C8-0FBD-4B13-BEC4-38CB800CB670}
	EndProjectSection
EndProject
Project("{FAE04EC0-301F-11D3-BF4B-00C04F79EFBC}") = "ShowMessage", "ShowMessage\ShowMessage.csproj", "{336D3485-5DEF-4AF6-A598-AD77C4A98A5C}"
EndProject
Project("{FAE04EC0-301F-11D3-BF4B-00C04F79EFBC}") = "Update", "Update\Update.csproj", "{E5681814-2973-49A3-8D02-9483E207784B}"
	ProjectSection(ProjectDependencies) = postProject
		{025628C8-0FBD-4B13-BEC4-38CB800CB670} = {025628C8-0FBD-4B13-BEC4-38CB800CB670}
		{2E5701F0-279D-48A1-8426-14BB28D42D1A} = {2E5701F0-279D-48A1-8426-14BB28D42D1A}
	EndProjectSection
EndProject
Global
	GlobalSection(SolutionConfigurationPlatforms) = preSolution
		Debug|Any CPU = Debug|Any CPU
		Release|Any CPU = Release|Any CPU
	EndGlobalSection
	GlobalSection(ProjectConfigurationPlatforms) = postSolution
		{025628C8-0FBD-4B13-BEC4-38CB800CB670}.Debug|Any CPU.ActiveCfg = Debug|Any CPU
		{025628C8-0FBD-4B13-BEC4-38CB800CB670}.Debug|Any CPU.Build.0 = Debug|Any CPU
		{025628C8-0FBD-4B13-BEC4-38CB800CB670}.Release|Any CPU.ActiveCfg = Release|Any CPU
		{025628C8-0FBD-4B13-BEC4-38CB800CB670}.Release|Any CPU.Build.0 = Release|Any CPU
		{B0AC1CCD-C1FC-477C-B1A1-C62F36C7F4BA}.Debug|Any CPU.ActiveCfg = Debug|Any CPU
		{B0AC1CCD-C1FC-477C-B1A1-C62F36C7F4BA}.Debug|Any CPU.Build.0 = Debug|Any CPU
		{B0AC1CCD-C1FC-477C-B1A1-C62F36C7F4BA}.Release|Any CPU.ActiveCfg = Release|Any CPU
		{B0AC1CCD-C1FC-477C-B1A1-C62F36C7F4BA}.Release|Any CPU.Build.0 = Release|Any CPU
		{587F35FC-5831-474C-AF8E-0EEFD9EEC5EE}.Debug|Any CPU.ActiveCfg = Debug|Any CPU
		{587F35FC-5831-474C-AF8E-0EEFD9EEC5EE}.Debug|Any CPU.Build.0 = Debug|Any CPU
		{587F35FC-5831-474C-AF8E-0EEFD9EEC5EE}.Release|Any CPU.ActiveCfg = Release|Any CPU
		{587F35FC-5831-474C-AF8E-0EEFD9EEC5EE}.Release|Any CPU.Build.0 = Release|Any CPU
		{2E5701F0-279D-48A1-8426-14BB28D42D1A}.Debug|Any CPU.ActiveCfg = Debug|Any CPU
		{2E5701F0-279D-48A1-8426-14BB28D42D1A}.Debug|Any CPU.Build.0 = Debug|Any CPU
		{2E5701F0-279D-48A1-8426-14BB28D42D1A}.Release|Any CPU.ActiveCfg = Release|Any CPU
		{2E5701F0-279D-48A1-8426-14BB28D42D1A}.Release|Any CPU.Build.0 = Release|Any CPU
		{DD9EA039-127C-447D-AF21-318DDAC7BC90}.Debug|Any CPU.ActiveCfg = Debug|Any CPU
		{DD9EA039-127C-447D-AF21-318DDAC7BC90}.Debug|Any CPU.Build.0 = Debug|Any CPU
		{DD9EA039-127C-447D-AF21-318DDAC7BC90}.Release|Any CPU.ActiveCfg = Release|Any CPU
		{DD9EA039-127C-447D-AF21-318DDAC7BC90}.Release|Any CPU.Build.0 = Release|Any CPU
		{8B453510-FAC6-4CEE-AF2D-2B6F975CA5A1}.Debug|Any CPU.ActiveCfg = Debug|Any CPU
		{8B453510-FAC6-4CEE-AF2D-2B6F975CA5A1}.Debug|Any CPU.Build.0 = Debug|Any CPU
		{8B453510-FAC6-4CEE-AF2D-2B6F975CA5A1}.Release|Any CPU.ActiveCfg = Release|Any CPU
		{8B453510-FAC6-4CEE-AF2D-2B6F975CA5A1}.Release|Any CPU.Build.0 = Release|Any CPU
		{9575B080-1230-497F-9120-04D0C1448FF1}.Debug|Any CPU.ActiveCfg = Debug|Any CPU
		{9575B080-1230-497F-9120-04D0C1448FF1}.Debug|Any CPU.Build.0 = Debug|Any CPU
		{9575B080-1230-497F-9120-04D0C1448FF1}.Release|Any CPU.ActiveCfg = Release|Any CPU
		{9575B080-1230-497F-9120-04D0C1448FF1}.Release|Any CPU.Build.0 = Release|Any CPU
		{5215CFD5-9715-4C9A-9DC7-234FD5B7D5D8}.Debug|Any CPU.ActiveCfg = Debug|Any CPU
		{5215CFD5-9715-4C9A-9DC7-234FD5B7D5D8}.Debug|Any CPU.Build.0 = Debug|Any CPU
		{5215CFD5-9715-4C9A-9DC7-234FD5B7D5D8}.Release|Any CPU.ActiveCfg = Release|Any CPU
		{5215CFD5-9715-4C9A-9DC7-234FD5B7D5D8}.Release|Any CPU.Build.0 = Release|Any CPU
		{336D3485-5DEF-4AF6-A598-AD77C4A98A5C}.Debug|Any CPU.ActiveCfg = Debug|Any CPU
		{336D3485-5DEF-4AF6-A598-AD77C4A98A5C}.Debug|Any CPU.Build.0 = Debug|Any CPU
		{336D3485-5DEF-4AF6-A598-AD77C4A98A5C}.Release|Any CPU.ActiveCfg = Release|Any CPU
		{336D3485-5DEF-4AF6-A598-AD77C4A98A5C}.Release|Any CPU.Build.0 = Release|Any CPU
		{E5681814-2973-49A3-8D02-9483E207784B}.Debug|Any CPU.ActiveCfg = Debug|Any CPU
		{E5681814-2973-49A3-8D02-9483E207784B}.Debug|Any CPU.Build.0 = Debug|Any CPU
		{E5681814-2973-49A3-8D02-9483E207784B}.Release|Any CPU.ActiveCfg = Release|Any CPU
		{E5681814-2973-49A3-8D02-9483E207784B}.Release|Any CPU.Build.0 = Release|Any CPU
	EndGlobalSection
	GlobalSection(SolutionProperties) = preSolution
		HideSolutionNode = FALSE
	EndGlobalSection
	GlobalSection(NestedProjects) = preSolution
		{025628C8-0FBD-4B13-BEC4-38CB800CB670} = {9DA2AE00-1C22-47A1-82BA-7CEE9914DF85}
		{B0AC1CCD-C1FC-477C-B1A1-C62F36C7F4BA} = {AA08E7DA-61AA-4FC6-8025-101F4C07F925}
		{587F35FC-5831-474C-AF8E-0EEFD9EEC5EE} = {AA08E7DA-61AA-4FC6-8025-101F4C07F925}
		{2E5701F0-279D-48A1-8426-14BB28D42D1A} = {37082303-C506-4692-8FE1-945460DCF8C0}
		{DD9EA039-127C-447D-AF21-318DDAC7BC90} = {37082303-C506-4692-8FE1-945460DCF8C0}
		{8B453510-FAC6-4CEE-AF2D-2B6F975CA5A1} = {8D481F32-1E85-4BCE-94B0-3CD547187162}
		{9575B080-1230-497F-9120-04D0C1448FF1} = {8D481F32-1E85-4BCE-94B0-3CD547187162}
		{5215CFD5-9715-4C9A-9DC7-234FD5B7D5D8} = {5D07ED83-D9A9-4D67-A4CE-D79274B72203}
		{336D3485-5DEF-4AF6-A598-AD77C4A98A5C} = {37082303-C506-4692-8FE1-945460DCF8C0}
		{E5681814-2973-49A3-8D02-9483E207784B} = {8D481F32-1E85-4BCE-94B0-3CD547187162}
	EndGlobalSection
EndGlobal
